// !$*UTF8*$!
{
	archiveVersion = 1;
	classes = {
	};
	objectVersion = 50;
	objects = {

/* Begin PBXBuildFile section */
		343B620D21997FC800D03830 /* SegmentationFreeRecognizer.cpp in Sources */ = {isa = PBXBuildFile; fileRef = 343B620C21997FC700D03830 /* SegmentationFreeRecognizer.cpp */; };
		343B6210219980FE00D03830 /* SegmenationFree-Inception.caffemodel in Resources */ = {isa = PBXBuildFile; fileRef = 343B620E219980FD00D03830 /* SegmenationFree-Inception.caffemodel */; };
		343B6211219980FE00D03830 /* SegmenationFree-Inception.prototxt in Resources */ = {isa = PBXBuildFile; fileRef = 343B620F219980FE00D03830 /* SegmenationFree-Inception.prototxt */; };
		343B621521998AB200D03830 /* CameraViewController.mm in Sources */ = {isa = PBXBuildFile; fileRef = 343B621421998AB200D03830 /* CameraViewController.mm */; };
		34ECFDD12182DD9300B162D4 /* AppDelegate.m in Sources */ = {isa = PBXBuildFile; fileRef = 34ECFDD02182DD9300B162D4 /* AppDelegate.m */; };
		34ECFDD92182DD9400B162D4 /* Assets.xcassets in Resources */ = {isa = PBXBuildFile; fileRef = 34ECFDD82182DD9400B162D4 /* Assets.xcassets */; };
		34ECFDDC2182DD9400B162D4 /* LaunchScreen.storyboard in Resources */ = {isa = PBXBuildFile; fileRef = 34ECFDDA2182DD9400B162D4 /* LaunchScreen.storyboard */; };
		34ECFDDF2182DD9400B162D4 /* main.m in Sources */ = {isa = PBXBuildFile; fileRef = 34ECFDDE2182DD9400B162D4 /* main.m */; };
		34ECFE152182DEF500B162D4 /* PlateSegmentation.cpp in Sources */ = {isa = PBXBuildFile; fileRef = 34ECFE0D2182DEF500B162D4 /* PlateSegmentation.cpp */; };
		34ECFE162182DEF500B162D4 /* PlateDetection.cpp in Sources */ = {isa = PBXBuildFile; fileRef = 34ECFE0E2182DEF500B162D4 /* PlateDetection.cpp */; };
		34ECFE172182DEF500B162D4 /* Pipeline.cpp in Sources */ = {isa = PBXBuildFile; fileRef = 34ECFE0F2182DEF500B162D4 /* Pipeline.cpp */; };
		34ECFE182182DEF500B162D4 /* FastDeskew.cpp in Sources */ = {isa = PBXBuildFile; fileRef = 34ECFE102182DEF500B162D4 /* FastDeskew.cpp */; };
		34ECFE192182DEF500B162D4 /* Recognizer.cpp in Sources */ = {isa = PBXBuildFile; fileRef = 34ECFE112182DEF500B162D4 /* Recognizer.cpp */; };
		34ECFE1A2182DEF500B162D4 /* FineMapping.cpp in Sources */ = {isa = PBXBuildFile; fileRef = 34ECFE122182DEF500B162D4 /* FineMapping.cpp */; };
		34ECFE1B2182DEF500B162D4 /* CNNRecognizer.cpp in Sources */ = {isa = PBXBuildFile; fileRef = 34ECFE142182DEF500B162D4 /* CNNRecognizer.cpp */; };
		34ECFE242182DF2F00B162D4 /* HorizonalFinemapping.caffemodel in Resources */ = {isa = PBXBuildFile; fileRef = 34ECFE1D2182DF2E00B162D4 /* HorizonalFinemapping.caffemodel */; };
		34ECFE252182DF2F00B162D4 /* CharacterRecognization.caffemodel in Resources */ = {isa = PBXBuildFile; fileRef = 34ECFE1E2182DF2E00B162D4 /* CharacterRecognization.caffemodel */; };
		34ECFE262182DF2F00B162D4 /* cascade.xml in Resources */ = {isa = PBXBuildFile; fileRef = 34ECFE1F2182DF2E00B162D4 /* cascade.xml */; };
		34ECFE272182DF2F00B162D4 /* Segmentation.prototxt in Resources */ = {isa = PBXBuildFile; fileRef = 34ECFE202182DF2E00B162D4 /* Segmentation.prototxt */; };
		34ECFE282182DF2F00B162D4 /* HorizonalFinemapping.prototxt in Resources */ = {isa = PBXBuildFile; fileRef = 34ECFE212182DF2E00B162D4 /* HorizonalFinemapping.prototxt */; };
		34ECFE292182DF2F00B162D4 /* Segmentation.caffemodel in Resources */ = {isa = PBXBuildFile; fileRef = 34ECFE222182DF2E00B162D4 /* Segmentation.caffemodel */; };
		34ECFE2A2182DF2F00B162D4 /* CharacterRecognization.prototxt in Resources */ = {isa = PBXBuildFile; fileRef = 34ECFE232182DF2E00B162D4 /* CharacterRecognization.prototxt */; };
		34ECFE2D2182E10700B162D4 /* RootViewController.mm in Sources */ = {isa = PBXBuildFile; fileRef = 34ECFE2C2182E10700B162D4 /* RootViewController.mm */; };
		34ECFE352182E56900B162D4 /* AVFoundation.framework in Frameworks */ = {isa = PBXBuildFile; fileRef = 34ECFE342182E56900B162D4 /* AVFoundation.framework */; };
		34ECFE382182E5F100B162D4 /* Utility.mm in Sources */ = {isa = PBXBuildFile; fileRef = 34ECFE372182E5F100B162D4 /* Utility.mm */; };
		34ECFE3A2182FAB700B162D4 /* CoreImage.framework in Frameworks */ = {isa = PBXBuildFile; fileRef = 34ECFE392182FAB700B162D4 /* CoreImage.framework */; };
		A396A338993421DC89845E63 /* libPods-lpr.a in Frameworks */ = {isa = PBXBuildFile; fileRef = A33861A99BC945120023AC25 /* libPods-lpr.a */; };
/* End PBXBuildFile section */

/* Begin PBXFileReference section */
		343B620B21997FC100D03830 /* SegmentationFreeRecognizer.h */ = {isa = PBXFileReference; fileEncoding = 4; lastKnownFileType = sourcecode.c.h; path = SegmentationFreeRecognizer.h; sourceTree = "<group>"; };
		343B620C21997FC700D03830 /* SegmentationFreeRecognizer.cpp */ = {isa = PBXFileReference; fileEncoding = 4; lastKnownFileType = sourcecode.cpp.cpp; path = SegmentationFreeRecognizer.cpp; sourceTree = "<group>"; };
		343B620E219980FD00D03830 /* SegmenationFree-Inception.caffemodel */ = {isa = PBXFileReference; lastKnownFileType = file; path = "SegmenationFree-Inception.caffemodel"; sourceTree = "<group>"; };
		343B620F219980FE00D03830 /* SegmenationFree-Inception.prototxt */ = {isa = PBXFileReference; fileEncoding = 4; lastKnownFileType = text; path = "SegmenationFree-Inception.prototxt"; sourceTree = "<group>"; };
		343B621321998AB200D03830 /* CameraViewController.h */ = {isa = PBXFileReference; fileEncoding = 4; lastKnownFileType = sourcecode.c.h; name = CameraViewController.h; path = lpr/CameraViewController.h; sourceTree = SOURCE_ROOT; };
		343B621421998AB200D03830 /* CameraViewController.mm */ = {isa = PBXFileReference; fileEncoding = 4; lastKnownFileType = sourcecode.cpp.objcpp; name = CameraViewController.mm; path = lpr/CameraViewController.mm; sourceTree = SOURCE_ROOT; };
		34ECFDCC2182DD9300B162D4 /* lpr.app */ = {isa = PBXFileReference; explicitFileType = wrapper.application; includeInIndex = 0; path = lpr.app; sourceTree = BUILT_PRODUCTS_DIR; };
		34ECFDCF2182DD9300B162D4 /* AppDelegate.h */ = {isa = PBXFileReference; lastKnownFileType = sourcecode.c.h; path = AppDelegate.h; sourceTree = "<group>"; };
		34ECFDD02182DD9300B162D4 /* AppDelegate.m */ = {isa = PBXFileReference; lastKnownFileType = sourcecode.c.objc; path = AppDelegate.m; sourceTree = "<group>"; };
		34ECFDD82182DD9400B162D4 /* Assets.xcassets */ = {isa = PBXFileReference; lastKnownFileType = folder.assetcatalog; path = Assets.xcassets; sourceTree = "<group>"; };
		34ECFDDB2182DD9400B162D4 /* Base */ = {isa = PBXFileReference; lastKnownFileType = file.storyboard; name = Base; path = Base.lproj/LaunchScreen.storyboard; sourceTree = "<group>"; };
		34ECFDDD2182DD9400B162D4 /* Info.plist */ = {isa = PBXFileReference; lastKnownFileType = text.plist.xml; path = Info.plist; sourceTree = "<group>"; };
		34ECFDDE2182DD9400B162D4 /* main.m */ = {isa = PBXFileReference; lastKnownFileType = sourcecode.c.objc; path = main.m; sourceTree = "<group>"; };
		34ECFE032182DEF500B162D4 /* PlateSegmentation.h */ = {isa = PBXFileReference; fileEncoding = 4; lastKnownFileType = sourcecode.c.h; path = PlateSegmentation.h; sourceTree = "<group>"; };
		34ECFE042182DEF500B162D4 /* Recognizer.h */ = {isa = PBXFileReference; fileEncoding = 4; lastKnownFileType = sourcecode.c.h; path = Recognizer.h; sourceTree = "<group>"; };
		34ECFE052182DEF500B162D4 /* PlateDetection.h */ = {isa = PBXFileReference; fileEncoding = 4; lastKnownFileType = sourcecode.c.h; path = PlateDetection.h; sourceTree = "<group>"; };
		34ECFE062182DEF500B162D4 /* PlateInfo.h */ = {isa = PBXFileReference; fileEncoding = 4; lastKnownFileType = sourcecode.c.h; path = PlateInfo.h; sourceTree = "<group>"; };
		34ECFE072182DEF500B162D4 /* FineMapping.h */ = {isa = PBXFileReference; fileEncoding = 4; lastKnownFileType = sourcecode.c.h; path = FineMapping.h; sourceTree = "<group>"; };
		34ECFE082182DEF500B162D4 /* niBlackThreshold.h */ = {isa = PBXFileReference; fileEncoding = 4; lastKnownFileType = sourcecode.c.h; path = niBlackThreshold.h; sourceTree = "<group>"; };
		34ECFE092182DEF500B162D4 /* FastDeskew.h */ = {isa = PBXFileReference; fileEncoding = 4; lastKnownFileType = sourcecode.c.h; path = FastDeskew.h; sourceTree = "<group>"; };
		34ECFE0A2182DEF500B162D4 /* Pipeline.h */ = {isa = PBXFileReference; fileEncoding = 4; lastKnownFileType = sourcecode.c.h; path = Pipeline.h; sourceTree = "<group>"; };
		34ECFE0B2182DEF500B162D4 /* CNNRecognizer.h */ = {isa = PBXFileReference; fileEncoding = 4; lastKnownFileType = sourcecode.c.h; path = CNNRecognizer.h; sourceTree = "<group>"; };
		34ECFE0D2182DEF500B162D4 /* PlateSegmentation.cpp */ = {isa = PBXFileReference; fileEncoding = 4; lastKnownFileType = sourcecode.cpp.cpp; path = PlateSegmentation.cpp; sourceTree = "<group>"; };
		34ECFE0E2182DEF500B162D4 /* PlateDetection.cpp */ = {isa = PBXFileReference; fileEncoding = 4; lastKnownFileType = sourcecode.cpp.cpp; path = PlateDetection.cpp; sourceTree = "<group>"; };
		34ECFE0F2182DEF500B162D4 /* Pipeline.cpp */ = {isa = PBXFileReference; fileEncoding = 4; lastKnownFileType = sourcecode.cpp.cpp; path = Pipeline.cpp; sourceTree = "<group>"; };
		34ECFE102182DEF500B162D4 /* FastDeskew.cpp */ = {isa = PBXFileReference; fileEncoding = 4; lastKnownFileType = sourcecode.cpp.cpp; path = FastDeskew.cpp; sourceTree = "<group>"; };
		34ECFE112182DEF500B162D4 /* Recognizer.cpp */ = {isa = PBXFileReference; fileEncoding = 4; lastKnownFileType = sourcecode.cpp.cpp; path = Recognizer.cpp; sourceTree = "<group>"; };
		34ECFE122182DEF500B162D4 /* FineMapping.cpp */ = {isa = PBXFileReference; fileEncoding = 4; lastKnownFileType = sourcecode.cpp.cpp; path = FineMapping.cpp; sourceTree = "<group>"; };
		34ECFE132182DEF500B162D4 /* util.h */ = {isa = PBXFileReference; fileEncoding = 4; lastKnownFileType = sourcecode.c.h; path = util.h; sourceTree = "<group>"; };
		34ECFE142182DEF500B162D4 /* CNNRecognizer.cpp */ = {isa = PBXFileReference; fileEncoding = 4; lastKnownFileType = sourcecode.cpp.cpp; path = CNNRecognizer.cpp; sourceTree = "<group>"; };
		34ECFE1D2182DF2E00B162D4 /* HorizonalFinemapping.caffemodel */ = {isa = PBXFileReference; lastKnownFileType = file; path = HorizonalFinemapping.caffemodel; sourceTree = "<group>"; };
		34ECFE1E2182DF2E00B162D4 /* CharacterRecognization.caffemodel */ = {isa = PBXFileReference; lastKnownFileType = file; path = CharacterRecognization.caffemodel; sourceTree = "<group>"; };
		34ECFE1F2182DF2E00B162D4 /* cascade.xml */ = {isa = PBXFileReference; fileEncoding = 4; lastKnownFileType = text.xml; path = cascade.xml; sourceTree = "<group>"; };
		34ECFE202182DF2E00B162D4 /* Segmentation.prototxt */ = {isa = PBXFileReference; fileEncoding = 4; lastKnownFileType = text; path = Segmentation.prototxt; sourceTree = "<group>"; };
		34ECFE212182DF2E00B162D4 /* HorizonalFinemapping.prototxt */ = {isa = PBXFileReference; fileEncoding = 4; lastKnownFileType = text; path = HorizonalFinemapping.prototxt; sourceTree = "<group>"; };
		34ECFE222182DF2E00B162D4 /* Segmentation.caffemodel */ = {isa = PBXFileReference; lastKnownFileType = file; path = Segmentation.caffemodel; sourceTree = "<group>"; };
		34ECFE232182DF2E00B162D4 /* CharacterRecognization.prototxt */ = {isa = PBXFileReference; fileEncoding = 4; lastKnownFileType = text; path = CharacterRecognization.prototxt; sourceTree = "<group>"; };
		34ECFE2B2182E10700B162D4 /* RootViewController.h */ = {isa = PBXFileReference; lastKnownFileType = sourcecode.c.h; path = RootViewController.h; sourceTree = "<group>"; };
		34ECFE2C2182E10700B162D4 /* RootViewController.mm */ = {isa = PBXFileReference; lastKnownFileType = sourcecode.cpp.objcpp; path = RootViewController.mm; sourceTree = "<group>"; };
		34ECFE342182E56900B162D4 /* AVFoundation.framework */ = {isa = PBXFileReference; lastKnownFileType = wrapper.framework; name = AVFoundation.framework; path = System/Library/Frameworks/AVFoundation.framework; sourceTree = SDKROOT; };
		34ECFE362182E5F100B162D4 /* Utility.h */ = {isa = PBXFileReference; lastKnownFileType = sourcecode.c.h; path = Utility.h; sourceTree = "<group>"; };
		34ECFE372182E5F100B162D4 /* Utility.mm */ = {isa = PBXFileReference; lastKnownFileType = sourcecode.cpp.objcpp; path = Utility.mm; sourceTree = "<group>"; };
		34ECFE392182FAB700B162D4 /* CoreImage.framework */ = {isa = PBXFileReference; lastKnownFileType = wrapper.framework; name = CoreImage.framework; path = System/Library/Frameworks/CoreImage.framework; sourceTree = SDKROOT; };
		66BAD4CEFABD6705C5100968 /* Pods-lpr.release.xcconfig */ = {isa = PBXFileReference; includeInIndex = 1; lastKnownFileType = text.xcconfig; name = "Pods-lpr.release.xcconfig"; path = "Pods/Target Support Files/Pods-lpr/Pods-lpr.release.xcconfig"; sourceTree = "<group>"; };
		A33861A99BC945120023AC25 /* libPods-lpr.a */ = {isa = PBXFileReference; explicitFileType = archive.ar; includeInIndex = 0; path = "libPods-lpr.a"; sourceTree = BUILT_PRODUCTS_DIR; };
		E169020B9373AF28E9C472DD /* Pods-lpr.debug.xcconfig */ = {isa = PBXFileReference; includeInIndex = 1; lastKnownFileType = text.xcconfig; name = "Pods-lpr.debug.xcconfig"; path = "Pods/Target Support Files/Pods-lpr/Pods-lpr.debug.xcconfig"; sourceTree = "<group>"; };
/* End PBXFileReference section */

/* Begin PBXFrameworksBuildPhase section */
		34ECFDC92182DD9300B162D4 /* Frameworks */ = {
			isa = PBXFrameworksBuildPhase;
			buildActionMask = 2147483647;
			files = (
				34ECFE3A2182FAB700B162D4 /* CoreImage.framework in Frameworks */,
				34ECFE352182E56900B162D4 /* AVFoundation.framework in Frameworks */,
				A396A338993421DC89845E63 /* libPods-lpr.a in Frameworks */,
			);
			runOnlyForDeploymentPostprocessing = 0;
		};
/* End PBXFrameworksBuildPhase section */

/* Begin PBXGroup section */
		34ECFDC32182DD9300B162D4 = {
			isa = PBXGroup;
			children = (
				34ECFDCE2182DD9300B162D4 /* lpr */,
				34ECFE1C2182DF2E00B162D4 /* Resource */,
				34ECFDCD2182DD9300B162D4 /* Products */,
				DE72138A4B42368326688C6A /* Pods */,
				97C4CF37B3E356C8641CE105 /* Frameworks */,
			);
			sourceTree = "<group>";
		};
		34ECFDCD2182DD9300B162D4 /* Products */ = {
			isa = PBXGroup;
			children = (
				34ECFDCC2182DD9300B162D4 /* lpr.app */,
			);
			name = Products;
			sourceTree = "<group>";
		};
		34ECFDCE2182DD9300B162D4 /* lpr */ = {
			isa = PBXGroup;
			children = (
				34ECFE012182DEF500B162D4 /* Source */,
				34ECFDCF2182DD9300B162D4 /* AppDelegate.h */,
				34ECFDD02182DD9300B162D4 /* AppDelegate.m */,
				34ECFDD82182DD9400B162D4 /* Assets.xcassets */,
				34ECFDDA2182DD9400B162D4 /* LaunchScreen.storyboard */,
				34ECFDDD2182DD9400B162D4 /* Info.plist */,
				34ECFDDE2182DD9400B162D4 /* main.m */,
				34ECFE2B2182E10700B162D4 /* RootViewController.h */,
				34ECFE2C2182E10700B162D4 /* RootViewController.mm */,
				343B621321998AB200D03830 /* CameraViewController.h */,
				343B621421998AB200D03830 /* CameraViewController.mm */,
				34ECFE362182E5F100B162D4 /* Utility.h */,
				34ECFE372182E5F100B162D4 /* Utility.mm */,
			);
			path = lpr;
			sourceTree = "<group>";
		};
		34ECFE012182DEF500B162D4 /* Source */ = {
			isa = PBXGroup;
			children = (
				34ECFE022182DEF500B162D4 /* include */,
				34ECFE0C2182DEF500B162D4 /* src */,
			);
			path = Source;
			sourceTree = "<group>";
		};
		34ECFE022182DEF500B162D4 /* include */ = {
			isa = PBXGroup;
			children = (
				343B620B21997FC100D03830 /* SegmentationFreeRecognizer.h */,
				34ECFE032182DEF500B162D4 /* PlateSegmentation.h */,
				34ECFE042182DEF500B162D4 /* Recognizer.h */,
				34ECFE052182DEF500B162D4 /* PlateDetection.h */,
				34ECFE062182DEF500B162D4 /* PlateInfo.h */,
				34ECFE072182DEF500B162D4 /* FineMapping.h */,
				34ECFE082182DEF500B162D4 /* niBlackThreshold.h */,
				34ECFE092182DEF500B162D4 /* FastDeskew.h */,
				34ECFE0A2182DEF500B162D4 /* Pipeline.h */,
				34ECFE0B2182DEF500B162D4 /* CNNRecognizer.h */,
			);
			path = include;
			sourceTree = "<group>";
		};
		34ECFE0C2182DEF500B162D4 /* src */ = {
			isa = PBXGroup;
			children = (
				343B620C21997FC700D03830 /* SegmentationFreeRecognizer.cpp */,
				34ECFE0D2182DEF500B162D4 /* PlateSegmentation.cpp */,
				34ECFE0E2182DEF500B162D4 /* PlateDetection.cpp */,
				34ECFE0F2182DEF500B162D4 /* Pipeline.cpp */,
				34ECFE102182DEF500B162D4 /* FastDeskew.cpp */,
				34ECFE112182DEF500B162D4 /* Recognizer.cpp */,
				34ECFE122182DEF500B162D4 /* FineMapping.cpp */,
				34ECFE132182DEF500B162D4 /* util.h */,
				34ECFE142182DEF500B162D4 /* CNNRecognizer.cpp */,
			);
			path = src;
			sourceTree = "<group>";
		};
		34ECFE1C2182DF2E00B162D4 /* Resource */ = {
			isa = PBXGroup;
			children = (
				343B620E219980FD00D03830 /* SegmenationFree-Inception.caffemodel */,
				343B620F219980FE00D03830 /* SegmenationFree-Inception.prototxt */,
				34ECFE1D2182DF2E00B162D4 /* HorizonalFinemapping.caffemodel */,
				34ECFE1E2182DF2E00B162D4 /* CharacterRecognization.caffemodel */,
				34ECFE1F2182DF2E00B162D4 /* cascade.xml */,
				34ECFE202182DF2E00B162D4 /* Segmentation.prototxt */,
				34ECFE212182DF2E00B162D4 /* HorizonalFinemapping.prototxt */,
				34ECFE222182DF2E00B162D4 /* Segmentation.caffemodel */,
				34ECFE232182DF2E00B162D4 /* CharacterRecognization.prototxt */,
			);
			path = Resource;
			sourceTree = "<group>";
		};
		97C4CF37B3E356C8641CE105 /* Frameworks */ = {
			isa = PBXGroup;
			children = (
				34ECFE392182FAB700B162D4 /* CoreImage.framework */,
				34ECFE342182E56900B162D4 /* AVFoundation.framework */,
				A33861A99BC945120023AC25 /* libPods-lpr.a */,
			);
			name = Frameworks;
			sourceTree = "<group>";
		};
		DE72138A4B42368326688C6A /* Pods */ = {
			isa = PBXGroup;
			children = (
				E169020B9373AF28E9C472DD /* Pods-lpr.debug.xcconfig */,
				66BAD4CEFABD6705C5100968 /* Pods-lpr.release.xcconfig */,
			);
			name = Pods;
			sourceTree = "<group>";
		};
/* End PBXGroup section */

/* Begin PBXNativeTarget section */
		34ECFDCB2182DD9300B162D4 /* lpr */ = {
			isa = PBXNativeTarget;
			buildConfigurationList = 34ECFDE22182DD9400B162D4 /* Build configuration list for PBXNativeTarget "lpr" */;
			buildPhases = (
				12CCA15FA936D51F737FDEDF /* [CP] Check Pods Manifest.lock */,
				34ECFDC82182DD9300B162D4 /* Sources */,
				34ECFDC92182DD9300B162D4 /* Frameworks */,
				34ECFDCA2182DD9300B162D4 /* Resources */,
			);
			buildRules = (
			);
			dependencies = (
			);
			name = lpr;
			productName = lpr;
			productReference = 34ECFDCC2182DD9300B162D4 /* lpr.app */;
			productType = "com.apple.product-type.application";
		};
/* End PBXNativeTarget section */

/* Begin PBXProject section */
		34ECFDC42182DD9300B162D4 /* Project object */ = {
			isa = PBXProject;
			attributes = {
				LastUpgradeCheck = 1000;
				ORGANIZATIONNAME = lprSample;
				TargetAttributes = {
					34ECFDCB2182DD9300B162D4 = {
						CreatedOnToolsVersion = 10.0;
					};
				};
			};
			buildConfigurationList = 34ECFDC72182DD9300B162D4 /* Build configuration list for PBXProject "lpr" */;
			compatibilityVersion = "Xcode 9.3";
			developmentRegion = en;
			hasScannedForEncodings = 0;
			knownRegions = (
				en,
				Base,
			);
			mainGroup = 34ECFDC32182DD9300B162D4;
			productRefGroup = 34ECFDCD2182DD9300B162D4 /* Products */;
			projectDirPath = "";
			projectRoot = "";
			targets = (
				34ECFDCB2182DD9300B162D4 /* lpr */,
			);
		};
/* End PBXProject section */

/* Begin PBXResourcesBuildPhase section */
		34ECFDCA2182DD9300B162D4 /* Resources */ = {
			isa = PBXResourcesBuildPhase;
			buildActionMask = 2147483647;
			files = (
				343B6210219980FE00D03830 /* SegmenationFree-Inception.caffemodel in Resources */,
				34ECFE2A2182DF2F00B162D4 /* CharacterRecognization.prototxt in Resources */,
				34ECFDDC2182DD9400B162D4 /* LaunchScreen.storyboard in Resources */,
				34ECFDD92182DD9400B162D4 /* Assets.xcassets in Resources */,
				34ECFE282182DF2F00B162D4 /* HorizonalFinemapping.prototxt in Resources */,
				34ECFE242182DF2F00B162D4 /* HorizonalFinemapping.caffemodel in Resources */,
				34ECFE272182DF2F00B162D4 /* Segmentation.prototxt in Resources */,
				34ECFE262182DF2F00B162D4 /* cascade.xml in Resources */,
				34ECFE292182DF2F00B162D4 /* Segmentation.caffemodel in Resources */,
				343B6211219980FE00D03830 /* SegmenationFree-Inception.prototxt in Resources */,
				34ECFE252182DF2F00B162D4 /* CharacterRecognization.caffemodel in Resources */,
			);
			runOnlyForDeploymentPostprocessing = 0;
		};
/* End PBXResourcesBuildPhase section */

/* Begin PBXShellScriptBuildPhase section */
		12CCA15FA936D51F737FDEDF /* [CP] Check Pods Manifest.lock */ = {
			isa = PBXShellScriptBuildPhase;
			buildActionMask = 2147483647;
			files = (
			);
			inputPaths = (
				"${PODS_PODFILE_DIR_PATH}/Podfile.lock",
				"${PODS_ROOT}/Manifest.lock",
			);
			name = "[CP] Check Pods Manifest.lock";
			outputPaths = (
				"$(DERIVED_FILE_DIR)/Pods-lpr-checkManifestLockResult.txt",
			);
			runOnlyForDeploymentPostprocessing = 0;
			shellPath = /bin/sh;
			shellScript = "diff \"${PODS_PODFILE_DIR_PATH}/Podfile.lock\" \"${PODS_ROOT}/Manifest.lock\" > /dev/null\nif [ $? != 0 ] ; then\n    # print error to STDERR\n    echo \"error: The sandbox is not in sync with the Podfile.lock. Run 'pod install' or update your CocoaPods installation.\" >&2\n    exit 1\nfi\n# This output is used by Xcode 'outputs' to avoid re-running this script phase.\necho \"SUCCESS\" > \"${SCRIPT_OUTPUT_FILE_0}\"\n";
			showEnvVarsInLog = 0;
		};
/* End PBXShellScriptBuildPhase section */

/* Begin PBXSourcesBuildPhase section */
		34ECFDC82182DD9300B162D4 /* Sources */ = {
			isa = PBXSourcesBuildPhase;
			buildActionMask = 2147483647;
			files = (
				343B620D21997FC800D03830 /* SegmentationFreeRecognizer.cpp in Sources */,
				34ECFE1A2182DEF500B162D4 /* FineMapping.cpp in Sources */,
				34ECFE182182DEF500B162D4 /* FastDeskew.cpp in Sources */,
				34ECFE162182DEF500B162D4 /* PlateDetection.cpp in Sources */,
				34ECFDDF2182DD9400B162D4 /* main.m in Sources */,
				34ECFE382182E5F100B162D4 /* Utility.mm in Sources */,
				34ECFE2D2182E10700B162D4 /* RootViewController.mm in Sources */,
				34ECFE172182DEF500B162D4 /* Pipeline.cpp in Sources */,
				34ECFE152182DEF500B162D4 /* PlateSegmentation.cpp in Sources */,
				34ECFE1B2182DEF500B162D4 /* CNNRecognizer.cpp in Sources */,
				34ECFDD12182DD9300B162D4 /* AppDelegate.m in Sources */,
				343B621521998AB200D03830 /* CameraViewController.mm in Sources */,
				34ECFE192182DEF500B162D4 /* Recognizer.cpp in Sources */,
			);
			runOnlyForDeploymentPostprocessing = 0;
		};
/* End PBXSourcesBuildPhase section */

/* Begin PBXVariantGroup section */
		34ECFDDA2182DD9400B162D4 /* LaunchScreen.storyboard */ = {
			isa = PBXVariantGroup;
			children = (
				34ECFDDB2182DD9400B162D4 /* Base */,
			);
			name = LaunchScreen.storyboard;
			sourceTree = "<group>";
		};
/* End PBXVariantGroup section */

/* Begin XCBuildConfiguration section */
		34ECFDE02182DD9400B162D4 /* Debug */ = {
			isa = XCBuildConfiguration;
			buildSettings = {
				ALWAYS_SEARCH_USER_PATHS = NO;
				CLANG_ANALYZER_NONNULL = YES;
				CLANG_ANALYZER_NUMBER_OBJECT_CONVERSION = YES_AGGRESSIVE;
				CLANG_CXX_LANGUAGE_STANDARD = "gnu++14";
				CLANG_CXX_LIBRARY = "libc++";
				CLANG_ENABLE_MODULES = YES;
				CLANG_ENABLE_OBJC_ARC = YES;
				CLANG_ENABLE_OBJC_WEAK = YES;
				CLANG_WARN_BLOCK_CAPTURE_AUTORELEASING = YES;
				CLANG_WARN_BOOL_CONVERSION = YES;
				CLANG_WARN_COMMA = YES;
				CLANG_WARN_CONSTANT_CONVERSION = YES;
				CLANG_WARN_DEPRECATED_OBJC_IMPLEMENTATIONS = YES;
				CLANG_WARN_DIRECT_OBJC_ISA_USAGE = YES_ERROR;
				CLANG_WARN_DOCUMENTATION_COMMENTS = YES;
				CLANG_WARN_EMPTY_BODY = YES;
				CLANG_WARN_ENUM_CONVERSION = YES;
				CLANG_WARN_INFINITE_RECURSION = YES;
				CLANG_WARN_INT_CONVERSION = YES;
				CLANG_WARN_NON_LITERAL_NULL_CONVERSION = YES;
				CLANG_WARN_OBJC_IMPLICIT_RETAIN_SELF = YES;
				CLANG_WARN_OBJC_LITERAL_CONVERSION = YES;
				CLANG_WARN_OBJC_ROOT_CLASS = YES_ERROR;
				CLANG_WARN_RANGE_LOOP_ANALYSIS = YES;
				CLANG_WARN_STRICT_PROTOTYPES = YES;
				CLANG_WARN_SUSPICIOUS_MOVE = YES;
				CLANG_WARN_UNGUARDED_AVAILABILITY = YES_AGGRESSIVE;
				CLANG_WARN_UNREACHABLE_CODE = YES;
				CLANG_WARN__DUPLICATE_METHOD_MATCH = YES;
				CODE_SIGN_IDENTITY = "iPhone Developer";
				COPY_PHASE_STRIP = NO;
				DEBUG_INFORMATION_FORMAT = dwarf;
				ENABLE_STRICT_OBJC_MSGSEND = YES;
				ENABLE_TESTABILITY = YES;
				GCC_C_LANGUAGE_STANDARD = gnu11;
				GCC_DYNAMIC_NO_PIC = NO;
				GCC_NO_COMMON_BLOCKS = YES;
				GCC_OPTIMIZATION_LEVEL = 0;
				GCC_PREPROCESSOR_DEFINITIONS = (
					"DEBUG=1",
					"$(inherited)",
				);
				GCC_WARN_64_TO_32_BIT_CONVERSION = YES;
				GCC_WARN_ABOUT_RETURN_TYPE = YES_ERROR;
				GCC_WARN_UNDECLARED_SELECTOR = YES;
				GCC_WARN_UNINITIALIZED_AUTOS = YES_AGGRESSIVE;
				GCC_WARN_UNUSED_FUNCTION = YES;
				GCC_WARN_UNUSED_VARIABLE = YES;
				HEADER_SEARCH_PATHS = (
					"\"$(SRCROOT)/lpr/Source/incllude\"",
					"\"$(SRCROOT)\"",
				);
				IPHONEOS_DEPLOYMENT_TARGET = 10.1;
				MTL_ENABLE_DEBUG_INFO = INCLUDE_SOURCE;
				MTL_FAST_MATH = YES;
				ONLY_ACTIVE_ARCH = YES;
				SDKROOT = iphoneos;
			};
			name = Debug;
		};
		34ECFDE12182DD9400B162D4 /* Release */ = {
			isa = XCBuildConfiguration;
			buildSettings = {
				ALWAYS_SEARCH_USER_PATHS = NO;
				CLANG_ANALYZER_NONNULL = YES;
				CLANG_ANALYZER_NUMBER_OBJECT_CONVERSION = YES_AGGRESSIVE;
				CLANG_CXX_LANGUAGE_STANDARD = "gnu++14";
				CLANG_CXX_LIBRARY = "libc++";
				CLANG_ENABLE_MODULES = YES;
				CLANG_ENABLE_OBJC_ARC = YES;
				CLANG_ENABLE_OBJC_WEAK = YES;
				CLANG_WARN_BLOCK_CAPTURE_AUTORELEASING = YES;
				CLANG_WARN_BOOL_CONVERSION = YES;
				CLANG_WARN_COMMA = YES;
				CLANG_WARN_CONSTANT_CONVERSION = YES;
				CLANG_WARN_DEPRECATED_OBJC_IMPLEMENTATIONS = YES;
				CLANG_WARN_DIRECT_OBJC_ISA_USAGE = YES_ERROR;
				CLANG_WARN_DOCUMENTATION_COMMENTS = YES;
				CLANG_WARN_EMPTY_BODY = YES;
				CLANG_WARN_ENUM_CONVERSION = YES;
				CLANG_WARN_INFINITE_RECURSION = YES;
				CLANG_WARN_INT_CONVERSION = YES;
				CLANG_WARN_NON_LITERAL_NULL_CONVERSION = YES;
				CLANG_WARN_OBJC_IMPLICIT_RETAIN_SELF = YES;
				CLANG_WARN_OBJC_LITERAL_CONVERSION = YES;
				CLANG_WARN_OBJC_ROOT_CLASS = YES_ERROR;
				CLANG_WARN_RANGE_LOOP_ANALYSIS = YES;
				CLANG_WARN_STRICT_PROTOTYPES = YES;
				CLANG_WARN_SUSPICIOUS_MOVE = YES;
				CLANG_WARN_UNGUARDED_AVAILABILITY = YES_AGGRESSIVE;
				CLANG_WARN_UNREACHABLE_CODE = YES;
				CLANG_WARN__DUPLICATE_METHOD_MATCH = YES;
				CODE_SIGN_IDENTITY = "iPhone Developer";
				COPY_PHASE_STRIP = NO;
				DEBUG_INFORMATION_FORMAT = "dwarf-with-dsym";
				ENABLE_NS_ASSERTIONS = NO;
				ENABLE_STRICT_OBJC_MSGSEND = YES;
				GCC_C_LANGUAGE_STANDARD = gnu11;
				GCC_NO_COMMON_BLOCKS = YES;
				GCC_WARN_64_TO_32_BIT_CONVERSION = YES;
				GCC_WARN_ABOUT_RETURN_TYPE = YES_ERROR;
				GCC_WARN_UNDECLARED_SELECTOR = YES;
				GCC_WARN_UNINITIALIZED_AUTOS = YES_AGGRESSIVE;
				GCC_WARN_UNUSED_FUNCTION = YES;
				GCC_WARN_UNUSED_VARIABLE = YES;
				HEADER_SEARCH_PATHS = (
					"\"$(SRCROOT)/lpr/Source/incllude\"",
					"\"$(SRCROOT)\"",
				);
				IPHONEOS_DEPLOYMENT_TARGET = 10.1;
				MTL_ENABLE_DEBUG_INFO = NO;
				MTL_FAST_MATH = YES;
				SDKROOT = iphoneos;
				VALIDATE_PRODUCT = YES;
			};
			name = Release;
		};
		34ECFDE32182DD9400B162D4 /* Debug */ = {
			isa = XCBuildConfiguration;
			baseConfigurationReference = E169020B9373AF28E9C472DD /* Pods-lpr.debug.xcconfig */;
			buildSettings = {
				ASSETCATALOG_COMPILER_APPICON_NAME = AppIcon;
				CLANG_CXX_LANGUAGE_STANDARD = "compiler-default";
				CLANG_CXX_LIBRARY = "compiler-default";
				CODE_SIGN_IDENTITY = "iPhone Developer";
				CODE_SIGN_STYLE = Automatic;
				DEVELOPMENT_TEAM = YZGMTHK294;
				ENABLE_BITCODE = YES;
				GCC_C_LANGUAGE_STANDARD = gnu11;
				HEADER_SEARCH_PATHS = (
					"$(inherited)",
					"\"${PODS_ROOT}/Headers/Public\"",
					"\"${PODS_ROOT}/Headers/Public/OpenCV\"",
				);
				INFOPLIST_FILE = lpr/Info.plist;
				LD_RUNPATH_SEARCH_PATHS = (
					"$(inherited)",
					"@executable_path/Frameworks",
				);
				PRODUCT_BUNDLE_IDENTIFIER = com.TongxingPay.IDCardRecognizeDemo;
				PRODUCT_NAME = "$(TARGET_NAME)";
				PROVISIONING_PROFILE_SPECIFIER = "";
				TARGETED_DEVICE_FAMILY = "1,2";
			};
			name = Debug;
		};
		34ECFDE42182DD9400B162D4 /* Release */ = {
			isa = XCBuildConfiguration;
			baseConfigurationReference = 66BAD4CEFABD6705C5100968 /* Pods-lpr.release.xcconfig */;
			buildSettings = {
				ASSETCATALOG_COMPILER_APPICON_NAME = AppIcon;
				CLANG_CXX_LANGUAGE_STANDARD = "compiler-default";
				CLANG_CXX_LIBRARY = "compiler-default";
				CODE_SIGN_IDENTITY = "iPhone Developer";
				CODE_SIGN_STYLE = Automatic;
				DEVELOPMENT_TEAM = YZGMTHK294;
				ENABLE_BITCODE = YES;
				GCC_C_LANGUAGE_STANDARD = gnu11;
				HEADER_SEARCH_PATHS = (
					"$(inherited)",
					"\"${PODS_ROOT}/Headers/Public\"",
					"\"${PODS_ROOT}/Headers/Public/OpenCV\"",
				);
				INFOPLIST_FILE = lpr/Info.plist;
				LD_RUNPATH_SEARCH_PATHS = (
					"$(inherited)",
					"@executable_path/Frameworks",
				);
				PRODUCT_BUNDLE_IDENTIFIER = com.TongxingPay.IDCardRecognizeDemo;
				PRODUCT_NAME = "$(TARGET_NAME)";
				PROVISIONING_PROFILE_SPECIFIER = "";
				TARGETED_DEVICE_FAMILY = "1,2";
			};
			name = Release;
		};
/* End XCBuildConfiguration section */

/* Begin XCConfigurationList section */
		34ECFDC72182DD9300B162D4 /* Build configuration list for PBXProject "lpr" */ = {
			isa = XCConfigurationList;
			buildConfigurations = (
				34ECFDE02182DD9400B162D4 /* Debug */,
				34ECFDE12182DD9400B162D4 /* Release */,
			);
			defaultConfigurationIsVisible = 0;
			defaultConfigurationName = Release;
		};
		34ECFDE22182DD9400B162D4 /* Build configuration list for PBXNativeTarget "lpr" */ = {
			isa = XCConfigurationList;
			buildConfigurations = (
				34ECFDE32182DD9400B162D4 /* Debug */,
				34ECFDE42182DD9400B162D4 /* Release */,
			);
			defaultConfigurationIsVisible = 0;
			defaultConfigurationName = Release;
		};
/* End XCConfigurationList section */
	};
	rootObject = 34ECFDC42182DD9300B162D4 /* Project object */;
}
