// !$*UTF8*$!
{
	archiveVersion = 1;
	classes = {
	};
	objectVersion = 48;
	objects = {

/* Begin PBXBuildFile section */
		18034F491FD28DF500787983 /* AppDelegate.m in Sources */ = {isa = PBXBuildFile; fileRef = 18034F481FD28DF500787983 /* AppDelegate.m */; };
		18034F4C1FD28DF500787983 /* ViewController.mm in Sources */ = {isa = PBXBuildFile; fileRef = 18034F4B1FD28DF500787983 /* ViewController.mm */; };
		18034F4F1FD28DF500787983 /* Main.storyboard in Resources */ = {isa = PBXBuildFile; fileRef = 18034F4D1FD28DF500787983 /* Main.storyboard */; };
		18034F511FD28DF500787983 /* Assets.xcassets in Resources */ = {isa = PBXBuildFile; fileRef = 18034F501FD28DF500787983 /* Assets.xcassets */; };
		18034F541FD28DF500787983 /* LaunchScreen.storyboard in Resources */ = {isa = PBXBuildFile; fileRef = 18034F521FD28DF500787983 /* LaunchScreen.storyboard */; };
		18034F571FD28DF500787983 /* main.m in Sources */ = {isa = PBXBuildFile; fileRef = 18034F561FD28DF500787983 /* main.m */; };
		18034F5E1FD299EE00787983 /* opencv2.framework in Frameworks */ = {isa = PBXBuildFile; fileRef = 18034F5D1FD299EE00787983 /* opencv2.framework */; };
		1820B1D81FD300D3003CFE6C /* UIImageCVMatConverter.mm in Sources */ = {isa = PBXBuildFile; fileRef = 1820B1D71FD300D3003CFE6C /* UIImageCVMatConverter.mm */; };
		18CEE3D51FD5AA8300CC138A /* CNNRecognizer.cpp in Sources */ = {isa = PBXBuildFile; fileRef = 18CEE3D41FD5AA8300CC138A /* CNNRecognizer.cpp */; };
		18CEE3DC1FD5AA9600CC138A /* FastDeskew.cpp in Sources */ = {isa = PBXBuildFile; fileRef = 18CEE3D61FD5AA9500CC138A /* FastDeskew.cpp */; };
		18CEE3DD1FD5AA9600CC138A /* PlateSegmentation.cpp in Sources */ = {isa = PBXBuildFile; fileRef = 18CEE3D71FD5AA9600CC138A /* PlateSegmentation.cpp */; };
		18CEE3DE1FD5AA9600CC138A /* Recognizer.cpp in Sources */ = {isa = PBXBuildFile; fileRef = 18CEE3D81FD5AA9600CC138A /* Recognizer.cpp */; };
		18CEE3DF1FD5AA9600CC138A /* FineMapping.cpp in Sources */ = {isa = PBXBuildFile; fileRef = 18CEE3D91FD5AA9600CC138A /* FineMapping.cpp */; };
		18CEE3E01FD5AA9600CC138A /* Pipeline.cpp in Sources */ = {isa = PBXBuildFile; fileRef = 18CEE3DA1FD5AA9600CC138A /* Pipeline.cpp */; };
		18CEE3E11FD5AA9600CC138A /* PlateDetection.cpp in Sources */ = {isa = PBXBuildFile; fileRef = 18CEE3DB1FD5AA9600CC138A /* PlateDetection.cpp */; };
		18CEE3EE1FD5ACFA00CC138A /* model.bundle in Resources */ = {isa = PBXBuildFile; fileRef = 18CEE3ED1FD5ACFA00CC138A /* model.bundle */; };
/* End PBXBuildFile section */

/* Begin PBXFileReference section */
		18034F441FD28DF500787983 /* lp.app */ = {isa = PBXFileReference; explicitFileType = wrapper.application; includeInIndex = 0; path = lp.app; sourceTree = BUILT_PRODUCTS_DIR; };
		18034F471FD28DF500787983 /* AppDelegate.h */ = {isa = PBXFileReference; lastKnownFileType = sourcecode.c.h; path = AppDelegate.h; sourceTree = "<group>"; };
		18034F481FD28DF500787983 /* AppDelegate.m */ = {isa = PBXFileReference; lastKnownFileType = sourcecode.c.objc; path = AppDelegate.m; sourceTree = "<group>"; };
		18034F4A1FD28DF500787983 /* ViewController.h */ = {isa = PBXFileReference; lastKnownFileType = sourcecode.c.h; path = ViewController.h; sourceTree = "<group>"; };
		18034F4B1FD28DF500787983 /* ViewController.mm */ = {isa = PBXFileReference; lastKnownFileType = sourcecode.cpp.objcpp; path = ViewController.mm; sourceTree = "<group>"; };
		18034F4E1FD28DF500787983 /* Base */ = {isa = PBXFileReference; lastKnownFileType = file.storyboard; name = Base; path = Base.lproj/Main.storyboard; sourceTree = "<group>"; };
		18034F501FD28DF500787983 /* Assets.xcassets */ = {isa = PBXFileReference; lastKnownFileType = folder.assetcatalog; path = Assets.xcassets; sourceTree = "<group>"; };
		18034F531FD28DF500787983 /* Base */ = {isa = PBXFileReference; lastKnownFileType = file.storyboard; name = Base; path = Base.lproj/LaunchScreen.storyboard; sourceTree = "<group>"; };
		18034F551FD28DF500787983 /* Info.plist */ = {isa = PBXFileReference; lastKnownFileType = text.plist.xml; path = Info.plist; sourceTree = "<group>"; };
		18034F561FD28DF500787983 /* main.m */ = {isa = PBXFileReference; lastKnownFileType = sourcecode.c.objc; path = main.m; sourceTree = "<group>"; };
		18034F5D1FD299EE00787983 /* opencv2.framework */ = {isa = PBXFileReference; lastKnownFileType = wrapper.framework; path = opencv2.framework; sourceTree = "<group>"; };
		1820B1D61FD300D3003CFE6C /* UIImageCVMatConverter.h */ = {isa = PBXFileReference; fileEncoding = 4; lastKnownFileType = sourcecode.c.h; path = UIImageCVMatConverter.h; sourceTree = "<group>"; };
		1820B1D71FD300D3003CFE6C /* UIImageCVMatConverter.mm */ = {isa = PBXFileReference; fileEncoding = 4; lastKnownFileType = sourcecode.cpp.objcpp; path = UIImageCVMatConverter.mm; sourceTree = "<group>"; };
		18CEE3D41FD5AA8300CC138A /* CNNRecognizer.cpp */ = {isa = PBXFileReference; fileEncoding = 4; lastKnownFileType = sourcecode.cpp.cpp; name = CNNRecognizer.cpp; path = src/CNNRecognizer.cpp; sourceTree = SOURCE_ROOT; };
		18CEE3D61FD5AA9500CC138A /* FastDeskew.cpp */ = {isa = PBXFileReference; fileEncoding = 4; lastKnownFileType = sourcecode.cpp.cpp; name = FastDeskew.cpp; path = src/FastDeskew.cpp; sourceTree = SOURCE_ROOT; };
		18CEE3D71FD5AA9600CC138A /* PlateSegmentation.cpp */ = {isa = PBXFileReference; fileEncoding = 4; lastKnownFileType = sourcecode.cpp.cpp; name = PlateSegmentation.cpp; path = src/PlateSegmentation.cpp; sourceTree = SOURCE_ROOT; };
		18CEE3D81FD5AA9600CC138A /* Recognizer.cpp */ = {isa = PBXFileReference; fileEncoding = 4; lastKnownFileType = sourcecode.cpp.cpp; name = Recognizer.cpp; path = src/Recognizer.cpp; sourceTree = SOURCE_ROOT; };
		18CEE3D91FD5AA9600CC138A /* FineMapping.cpp */ = {isa = PBXFileReference; fileEncoding = 4; lastKnownFileType = sourcecode.cpp.cpp; name = FineMapping.cpp; path = src/FineMapping.cpp; sourceTree = SOURCE_ROOT; };
		18CEE3DA1FD5AA9600CC138A /* Pipeline.cpp */ = {isa = PBXFileReference; fileEncoding = 4; lastKnownFileType = sourcecode.cpp.cpp; name = Pipeline.cpp; path = src/Pipeline.cpp; sourceTree = SOURCE_ROOT; };
		18CEE3DB1FD5AA9600CC138A /* PlateDetection.cpp */ = {isa = PBXFileReference; fileEncoding = 4; lastKnownFileType = sourcecode.cpp.cpp; name = PlateDetection.cpp; path = src/PlateDetection.cpp; sourceTree = SOURCE_ROOT; };
		18CEE3E21FD5AAE900CC138A /* util.h */ = {isa = PBXFileReference; fileEncoding = 4; lastKnownFileType = sourcecode.c.h; name = util.h; path = src/util.h; sourceTree = SOURCE_ROOT; };
		18CEE3E41FD5AB3800CC138A /* FastDeskew.h */ = {isa = PBXFileReference; fileEncoding = 4; lastKnownFileType = sourcecode.c.h; name = FastDeskew.h; path = include/FastDeskew.h; sourceTree = SOURCE_ROOT; };
		18CEE3E51FD5AB3800CC138A /* PlateDetection.h */ = {isa = PBXFileReference; fileEncoding = 4; lastKnownFileType = sourcecode.c.h; name = PlateDetection.h; path = include/PlateDetection.h; sourceTree = SOURCE_ROOT; };
		18CEE3E61FD5AB3800CC138A /* niBlackThreshold.h */ = {isa = PBXFileReference; fileEncoding = 4; lastKnownFileType = sourcecode.c.h; name = niBlackThreshold.h; path = include/niBlackThreshold.h; sourceTree = SOURCE_ROOT; };
		18CEE3E71FD5AB3800CC138A /* Pipeline.h */ = {isa = PBXFileReference; fileEncoding = 4; lastKnownFileType = sourcecode.c.h; name = Pipeline.h; path = include/Pipeline.h; sourceTree = SOURCE_ROOT; };
		18CEE3E81FD5AB3800CC138A /* PlateInfo.h */ = {isa = PBXFileReference; fileEncoding = 4; lastKnownFileType = sourcecode.c.h; name = PlateInfo.h; path = include/PlateInfo.h; sourceTree = SOURCE_ROOT; };
		18CEE3E91FD5AB3800CC138A /* PlateSegmentation.h */ = {isa = PBXFileReference; fileEncoding = 4; lastKnownFileType = sourcecode.c.h; name = PlateSegmentation.h; path = include/PlateSegmentation.h; sourceTree = SOURCE_ROOT; };
		18CEE3EA1FD5AB3800CC138A /* CNNRecognizer.h */ = {isa = PBXFileReference; fileEncoding = 4; lastKnownFileType = sourcecode.c.h; name = CNNRecognizer.h; path = include/CNNRecognizer.h; sourceTree = SOURCE_ROOT; };
		18CEE3EB1FD5AB3800CC138A /* FineMapping.h */ = {isa = PBXFileReference; fileEncoding = 4; lastKnownFileType = sourcecode.c.h; name = FineMapping.h; path = include/FineMapping.h; sourceTree = SOURCE_ROOT; };
		18CEE3EC1FD5AB3900CC138A /* Recognizer.h */ = {isa = PBXFileReference; fileEncoding = 4; lastKnownFileType = sourcecode.c.h; name = Recognizer.h; path = include/Recognizer.h; sourceTree = SOURCE_ROOT; };
		18CEE3ED1FD5ACFA00CC138A /* model.bundle */ = {isa = PBXFileReference; lastKnownFileType = "wrapper.plug-in"; path = model.bundle; sourceTree = "<group>"; };
/* End PBXFileReference section */

/* Begin PBXFrameworksBuildPhase section */
		18034F411FD28DF500787983 /* Frameworks */ = {
			isa = PBXFrameworksBuildPhase;
			buildActionMask = 2147483647;
			files = (
				18034F5E1FD299EE00787983 /* opencv2.framework in Frameworks */,
			);
			runOnlyForDeploymentPostprocessing = 0;
		};
/* End PBXFrameworksBuildPhase section */

/* Begin PBXGroup section */
		18034F3B1FD28DF500787983 = {
			isa = PBXGroup;
			children = (
				18CEE3ED1FD5ACFA00CC138A /* model.bundle */,
				18CEE3E31FD5AB2600CC138A /* include */,
				18CEE3D31FD5AA5C00CC138A /* src */,
				18034F5D1FD299EE00787983 /* opencv2.framework */,
				18034F461FD28DF500787983 /* lp */,
				18034F451FD28DF500787983 /* Products */,
				1820B1D01FD2F9EB003CFE6C /* Frameworks */,
			);
			sourceTree = "<group>";
		};
		18034F451FD28DF500787983 /* Products */ = {
			isa = PBXGroup;
			children = (
				18034F441FD28DF500787983 /* lp.app */,
			);
			name = Products;
			sourceTree = "<group>";
		};
		18034F461FD28DF500787983 /* lp */ = {
			isa = PBXGroup;
			children = (
				1820B1D61FD300D3003CFE6C /* UIImageCVMatConverter.h */,
				1820B1D71FD300D3003CFE6C /* UIImageCVMatConverter.mm */,
				18034F471FD28DF500787983 /* AppDelegate.h */,
				18034F481FD28DF500787983 /* AppDelegate.m */,
				18034F4A1FD28DF500787983 /* ViewController.h */,
				18034F4B1FD28DF500787983 /* ViewController.mm */,
				18034F4D1FD28DF500787983 /* Main.storyboard */,
				18034F501FD28DF500787983 /* Assets.xcassets */,
				18034F521FD28DF500787983 /* LaunchScreen.storyboard */,
				18034F551FD28DF500787983 /* Info.plist */,
				18034F561FD28DF500787983 /* main.m */,
			);
			path = lp;
			sourceTree = "<group>";
		};
		1820B1D01FD2F9EB003CFE6C /* Frameworks */ = {
			isa = PBXGroup;
			children = (
			);
			name = Frameworks;
			sourceTree = "<group>";
		};
		18CEE3D31FD5AA5C00CC138A /* src */ = {
			isa = PBXGroup;
			children = (
				18CEE3E21FD5AAE900CC138A /* util.h */,
				18CEE3D61FD5AA9500CC138A /* FastDeskew.cpp */,
				18CEE3D91FD5AA9600CC138A /* FineMapping.cpp */,
				18CEE3DA1FD5AA9600CC138A /* Pipeline.cpp */,
				18CEE3DB1FD5AA9600CC138A /* PlateDetection.cpp */,
				18CEE3D71FD5AA9600CC138A /* PlateSegmentation.cpp */,
				18CEE3D81FD5AA9600CC138A /* Recognizer.cpp */,
				18CEE3D41FD5AA8300CC138A /* CNNRecognizer.cpp */,
			);
			name = src;
			path = "New Group";
			sourceTree = "<group>";
		};
		18CEE3E31FD5AB2600CC138A /* include */ = {
			isa = PBXGroup;
			children = (
				18CEE3EA1FD5AB3800CC138A /* CNNRecognizer.h */,
				18CEE3E41FD5AB3800CC138A /* FastDeskew.h */,
				18CEE3EB1FD5AB3800CC138A /* FineMapping.h */,
				18CEE3E61FD5AB3800CC138A /* niBlackThreshold.h */,
				18CEE3E71FD5AB3800CC138A /* Pipeline.h */,
				18CEE3E51FD5AB3800CC138A /* PlateDetection.h */,
				18CEE3E81FD5AB3800CC138A /* PlateInfo.h */,
				18CEE3E91FD5AB3800CC138A /* PlateSegmentation.h */,
				18CEE3EC1FD5AB3900CC138A /* Recognizer.h */,
			);
			name = include;
			path = "New Group1";
			sourceTree = "<group>";
		};
/* End PBXGroup section */

/* Begin PBXNativeTarget section */
		18034F431FD28DF500787983 /* lp */ = {
			isa = PBXNativeTarget;
			buildConfigurationList = 18034F5A1FD28DF500787983 /* Build configuration list for PBXNativeTarget "lp" */;
			buildPhases = (
				18034F401FD28DF500787983 /* Sources */,
				18034F411FD28DF500787983 /* Frameworks */,
				18034F421FD28DF500787983 /* Resources */,
			);
			buildRules = (
			);
			dependencies = (
			);
			name = lp;
			productName = lp;
			productReference = 18034F441FD28DF500787983 /* lp.app */;
			productType = "com.apple.product-type.application";
		};
/* End PBXNativeTarget section */

/* Begin PBXProject section */
		18034F3C1FD28DF500787983 /* Project object */ = {
			isa = PBXProject;
			attributes = {
				LastUpgradeCheck = 0910;
				ORGANIZATIONNAME = xiaojun;
				TargetAttributes = {
					18034F431FD28DF500787983 = {
						CreatedOnToolsVersion = 9.1;
						ProvisioningStyle = Automatic;
					};
				};
			};
			buildConfigurationList = 18034F3F1FD28DF500787983 /* Build configuration list for PBXProject "lp" */;
			compatibilityVersion = "Xcode 8.0";
			developmentRegion = en;
			hasScannedForEncodings = 0;
			knownRegions = (
				en,
				Base,
			);
			mainGroup = 18034F3B1FD28DF500787983;
			productRefGroup = 18034F451FD28DF500787983 /* Products */;
			projectDirPath = "";
			projectRoot = "";
			targets = (
				18034F431FD28DF500787983 /* lp */,
			);
		};
/* End PBXProject section */

/* Begin PBXResourcesBuildPhase section */
		18034F421FD28DF500787983 /* Resources */ = {
			isa = PBXResourcesBuildPhase;
			buildActionMask = 2147483647;
			files = (
				18034F541FD28DF500787983 /* LaunchScreen.storyboard in Resources */,
				18CEE3EE1FD5ACFA00CC138A /* model.bundle in Resources */,
				18034F511FD28DF500787983 /* Assets.xcassets in Resources */,
				18034F4F1FD28DF500787983 /* Main.storyboard in Resources */,
			);
			runOnlyForDeploymentPostprocessing = 0;
		};
/* End PBXResourcesBuildPhase section */

/* Begin PBXSourcesBuildPhase section */
		18034F401FD28DF500787983 /* Sources */ = {
			isa = PBXSourcesBuildPhase;
			buildActionMask = 2147483647;
			files = (
				18CEE3DF1FD5AA9600CC138A /* FineMapping.cpp in Sources */,
				1820B1D81FD300D3003CFE6C /* UIImageCVMatConverter.mm in Sources */,
				18034F4C1FD28DF500787983 /* ViewController.mm in Sources */,
				18CEE3DD1FD5AA9600CC138A /* PlateSegmentation.cpp in Sources */,
				18CEE3DC1FD5AA9600CC138A /* FastDeskew.cpp in Sources */,
				18CEE3D51FD5AA8300CC138A /* CNNRecognizer.cpp in Sources */,
				18034F571FD28DF500787983 /* main.m in Sources */,
				18CEE3E11FD5AA9600CC138A /* PlateDetection.cpp in Sources */,
				18CEE3E01FD5AA9600CC138A /* Pipeline.cpp in Sources */,
				18034F491FD28DF500787983 /* AppDelegate.m in Sources */,
				18CEE3DE1FD5AA9600CC138A /* Recognizer.cpp in Sources */,
			);
			runOnlyForDeploymentPostprocessing = 0;
		};
/* End PBXSourcesBuildPhase section */

/* Begin PBXVariantGroup section */
		18034F4D1FD28DF500787983 /* Main.storyboard */ = {
			isa = PBXVariantGroup;
			children = (
				18034F4E1FD28DF500787983 /* Base */,
			);
			name = Main.storyboard;
			sourceTree = "<group>";
		};
		18034F521FD28DF500787983 /* LaunchScreen.storyboard */ = {
			isa = PBXVariantGroup;
			children = (
				18034F531FD28DF500787983 /* Base */,
			);
			name = LaunchScreen.storyboard;
			sourceTree = "<group>";
		};
/* End PBXVariantGroup section */

/* Begin XCBuildConfiguration section */
		18034F581FD28DF500787983 /* Debug */ = {
			isa = XCBuildConfiguration;
			buildSettings = {
				ALWAYS_SEARCH_USER_PATHS = NO;
				CLANG_ANALYZER_NONNULL = YES;
				CLANG_ANALYZER_NUMBER_OBJECT_CONVERSION = YES_AGGRESSIVE;
				CLANG_CXX_LANGUAGE_STANDARD = "gnu++14";
				CLANG_CXX_LIBRARY = "libc++";
				CLANG_ENABLE_MODULES = YES;
				CLANG_ENABLE_OBJC_ARC = YES;
				CLANG_WARN_BLOCK_CAPTURE_AUTORELEASING = YES;
				CLANG_WARN_BOOL_CONVERSION = YES;
				CLANG_WARN_COMMA = YES;
				CLANG_WARN_CONSTANT_CONVERSION = YES;
				CLANG_WARN_DIRECT_OBJC_ISA_USAGE = YES_ERROR;
				CLANG_WARN_DOCUMENTATION_COMMENTS = YES;
				CLANG_WARN_EMPTY_BODY = YES;
				CLANG_WARN_ENUM_CONVERSION = YES;
				CLANG_WARN_INFINITE_RECURSION = YES;
				CLANG_WARN_INT_CONVERSION = YES;
				CLANG_WARN_NON_LITERAL_NULL_CONVERSION = YES;
				CLANG_WARN_OBJC_LITERAL_CONVERSION = YES;
				CLANG_WARN_OBJC_ROOT_CLASS = YES_ERROR;
				CLANG_WARN_RANGE_LOOP_ANALYSIS = YES;
				CLANG_WARN_STRICT_PROTOTYPES = YES;
				CLANG_WARN_SUSPICIOUS_MOVE = YES;
				CLANG_WARN_UNGUARDED_AVAILABILITY = YES_AGGRESSIVE;
				CLANG_WARN_UNREACHABLE_CODE = YES;
				CLANG_WARN__DUPLICATE_METHOD_MATCH = YES;
				CODE_SIGN_IDENTITY = "iPhone Developer";
				COPY_PHASE_STRIP = NO;
				DEBUG_INFORMATION_FORMAT = dwarf;
				ENABLE_STRICT_OBJC_MSGSEND = YES;
				ENABLE_TESTABILITY = YES;
				GCC_C_LANGUAGE_STANDARD = gnu11;
				GCC_DYNAMIC_NO_PIC = NO;
				GCC_INPUT_FILETYPE = automatic;
				GCC_NO_COMMON_BLOCKS = YES;
				GCC_OPTIMIZATION_LEVEL = 0;
				GCC_PREPROCESSOR_DEFINITIONS = (
					"DEBUG=1",
					"$(inherited)",
				);
				GCC_WARN_64_TO_32_BIT_CONVERSION = YES;
				GCC_WARN_ABOUT_RETURN_TYPE = YES_ERROR;
				GCC_WARN_UNDECLARED_SELECTOR = YES;
				GCC_WARN_UNINITIALIZED_AUTOS = YES_AGGRESSIVE;
				GCC_WARN_UNUSED_FUNCTION = YES;
				GCC_WARN_UNUSED_VARIABLE = YES;
				"HEADER_SEARCH_PATHS[arch=*]" = (
					"\"$(SRCROOT)/include/\"",
					"\"$(SRCROOT)\"",
				);
				IPHONEOS_DEPLOYMENT_TARGET = 11.1;
				MTL_ENABLE_DEBUG_INFO = YES;
				ONLY_ACTIVE_ARCH = YES;
				SDKROOT = iphoneos;
			};
			name = Debug;
		};
		18034F591FD28DF500787983 /* Release */ = {
			isa = XCBuildConfiguration;
			buildSettings = {
				ALWAYS_SEARCH_USER_PATHS = NO;
				CLANG_ANALYZER_NONNULL = YES;
				CLANG_ANALYZER_NUMBER_OBJECT_CONVERSION = YES_AGGRESSIVE;
				CLANG_CXX_LANGUAGE_STANDARD = "gnu++14";
				CLANG_CXX_LIBRARY = "libc++";
				CLANG_ENABLE_MODULES = YES;
				CLANG_ENABLE_OBJC_ARC = YES;
				CLANG_WARN_BLOCK_CAPTURE_AUTORELEASING = YES;
				CLANG_WARN_BOOL_CONVERSION = YES;
				CLANG_WARN_COMMA = YES;
				CLANG_WARN_CONSTANT_CONVERSION = YES;
				CLANG_WARN_DIRECT_OBJC_ISA_USAGE = YES_ERROR;
				CLANG_WARN_DOCUMENTATION_COMMENTS = YES;
				CLANG_WARN_EMPTY_BODY = YES;
				CLANG_WARN_ENUM_CONVERSION = YES;
				CLANG_WARN_INFINITE_RECURSION = YES;
				CLANG_WARN_INT_CONVERSION = YES;
				CLANG_WARN_NON_LITERAL_NULL_CONVERSION = YES;
				CLANG_WARN_OBJC_LITERAL_CONVERSION = YES;
				CLANG_WARN_OBJC_ROOT_CLASS = YES_ERROR;
				CLANG_WARN_RANGE_LOOP_ANALYSIS = YES;
				CLANG_WARN_STRICT_PROTOTYPES = YES;
				CLANG_WARN_SUSPICIOUS_MOVE = YES;
				CLANG_WARN_UNGUARDED_AVAILABILITY = YES_AGGRESSIVE;
				CLANG_WARN_UNREACHABLE_CODE = YES;
				CLANG_WARN__DUPLICATE_METHOD_MATCH = YES;
				CODE_SIGN_IDENTITY = "iPhone Developer";
				COPY_PHASE_STRIP = NO;
				DEBUG_INFORMATION_FORMAT = "dwarf-with-dsym";
				ENABLE_NS_ASSERTIONS = NO;
				ENABLE_STRICT_OBJC_MSGSEND = YES;
				GCC_C_LANGUAGE_STANDARD = gnu11;
				GCC_INPUT_FILETYPE = automatic;
				GCC_NO_COMMON_BLOCKS = YES;
				GCC_WARN_64_TO_32_BIT_CONVERSION = YES;
				GCC_WARN_ABOUT_RETURN_TYPE = YES_ERROR;
				GCC_WARN_UNDECLARED_SELECTOR = YES;
				GCC_WARN_UNINITIALIZED_AUTOS = YES_AGGRESSIVE;
				GCC_WARN_UNUSED_FUNCTION = YES;
				GCC_WARN_UNUSED_VARIABLE = YES;
				"HEADER_SEARCH_PATHS[arch=*]" = (
					"\"$(SRCROOT)/include/\"",
					"\"$(SRCROOT)\"",
				);
				IPHONEOS_DEPLOYMENT_TARGET = 11.1;
				MTL_ENABLE_DEBUG_INFO = NO;
				SDKROOT = iphoneos;
				VALIDATE_PRODUCT = YES;
			};
			name = Release;
		};
		18034F5B1FD28DF500787983 /* Debug */ = {
			isa = XCBuildConfiguration;
			buildSettings = {
				ASSETCATALOG_COMPILER_APPICON_NAME = AppIcon;
				CODE_SIGN_STYLE = Automatic;
				DEVELOPMENT_TEAM = V74HML5NEB;
				FRAMEWORK_SEARCH_PATHS = (
					"$(inherited)",
					"$(PROJECT_DIR)",
				);
				INFOPLIST_FILE = lp/Info.plist;
				LD_RUNPATH_SEARCH_PATHS = "$(inherited) @executable_path/Frameworks";
				PRODUCT_BUNDLE_IDENTIFIER = tjs.lp;
				PRODUCT_NAME = "$(TARGET_NAME)";
				TARGETED_DEVICE_FAMILY = "1,2";
			};
			name = Debug;
		};
		18034F5C1FD28DF500787983 /* Release */ = {
			isa = XCBuildConfiguration;
			buildSettings = {
				ASSETCATALOG_COMPILER_APPICON_NAME = AppIcon;
				CODE_SIGN_STYLE = Automatic;
				DEVELOPMENT_TEAM = V74HML5NEB;
				FRAMEWORK_SEARCH_PATHS = (
					"$(inherited)",
					"$(PROJECT_DIR)",
				);
				INFOPLIST_FILE = lp/Info.plist;
				LD_RUNPATH_SEARCH_PATHS = "$(inherited) @executable_path/Frameworks";
				PRODUCT_BUNDLE_IDENTIFIER = tjs.lp;
				PRODUCT_NAME = "$(TARGET_NAME)";
				TARGETED_DEVICE_FAMILY = "1,2";
			};
			name = Release;
		};
/* End XCBuildConfiguration section */

/* Begin XCConfigurationList section */
		18034F3F1FD28DF500787983 /* Build configuration list for PBXProject "lp" */ = {
			isa = XCConfigurationList;
			buildConfigurations = (
				18034F581FD28DF500787983 /* Debug */,
				18034F591FD28DF500787983 /* Release */,
			);
			defaultConfigurationIsVisible = 0;
			defaultConfigurationName = Release;
		};
		18034F5A1FD28DF500787983 /* Build configuration list for PBXNativeTarget "lp" */ = {
			isa = XCConfigurationList;
			buildConfigurations = (
				18034F5B1FD28DF500787983 /* Debug */,
				18034F5C1FD28DF500787983 /* Release */,
			);
			defaultConfigurationIsVisible = 0;
			defaultConfigurationName = Release;
		};
/* End XCConfigurationList section */
	};
	rootObject = 18034F3C1FD28DF500787983 /* Project object */;
}
