PODS:
  - Masonry (1.1.0)
  - OpenCV (3.4.2)

DEPENDENCIES:
  - Masonry
  - OpenCV (~> 3.4.2)

SPEC REPOS:
  https://github.com/cocoapods/specs.git:
    - Masonry
    - OpenCV

SPEC CHECKSUMS:
  Masonry: 678fab65091a9290e40e2832a55e7ab731aad201
  OpenCV: 452909747854c92e0f59670961ed5131f5286cb5

PODFILE CHECKSUM: 94db02cda76a5ac6371a03e6e2ca4e9035fc0da6

COCOAPODS: 1.5.3
